
Microsoft Visual Studio Solution File, Format Version 12.00
# Visual Studio Version 16
VisualStudioVersion = 16.0.31112.23
MinimumVisualStudioVersion = 10.0.40219.1
Project("{FAE04EC0-301F-11D3-BF4B-00C04F79EFBC}") = "testAPIconsole", "testAPIconsole\testAPIconsole.csproj", "{5E3CCEC4-E38E-4F0D-B165-CAECBDBA0F9F}"
EndProject
Global
	GlobalSection(SolutionConfigurationPlatforms) = preSolution
		Debug|Any CPU = Debug|Any CPU
		Release|Any CPU = Release|Any CPU
	EndGlobalSection
	GlobalSection(ProjectConfigurationPlatforms) = postSolution
		{5E3CCEC4-E38E-4F0D-B165-CAECBDBA0F9F}.Debug|Any CPU.ActiveCfg = Debug|Any CPU
		{5E3CCEC4-E38E-4F0D-B165-CAECBDBA0F9F}.Debug|Any CPU.Build.0 = Debug|Any CPU
		{5E3CCEC4-E38E-4F0D-B165-CAECBDBA0F9F}.Release|Any CPU.ActiveCfg = Release|Any CPU
		{5E3CCEC4-E38E-4F0D-B165-CAECBDBA0F9F}.Release|Any CPU.Build.0 = Release|Any CPU
	EndGlobalSection
	GlobalSection(SolutionProperties) = preSolution
		HideSolutionNode = FALSE
	EndGlobalSection
	GlobalSection(ExtensibilityGlobals) = postSolution
		SolutionGuid = {C3075068-02B7-483B-82A4-ABE6402B38C6}
	EndGlobalSection
EndGlobal
